// !$*UTF8*$!
{
	archiveVersion = 1;
	classes = {
	};
	objectVersion = 50;
	objects = {

/* Begin PBXBuildFile section */
		3D1101D7247CF81B003AA9BB /* AppDelegate.swift in Sources */ = {isa = PBXBuildFile; fileRef = 3D1101D6247CF81B003AA9BB /* AppDelegate.swift */; };
		3D1101D9247CF81B003AA9BB /* SceneDelegate.swift in Sources */ = {isa = PBXBuildFile; fileRef = 3D1101D8247CF81B003AA9BB /* SceneDelegate.swift */; };
		3D1101DB247CF81B003AA9BB /* FirstViewController.swift in Sources */ = {isa = PBXBuildFile; fileRef = 3D1101DA247CF81B003AA9BB /* FirstViewController.swift */; };
		3D1101DD247CF81B003AA9BB /* SecondViewController.swift in Sources */ = {isa = PBXBuildFile; fileRef = 3D1101DC247CF81B003AA9BB /* SecondViewController.swift */; };
		3D1101E0247CF81B003AA9BB /* Main.storyboard in Resources */ = {isa = PBXBuildFile; fileRef = 3D1101DE247CF81B003AA9BB /* Main.storyboard */; };
		3D1101E3247CF81B003AA9BB /* flickerDemo.xcdatamodeld in Sources */ = {isa = PBXBuildFile; fileRef = 3D1101E1247CF81B003AA9BB /* flickerDemo.xcdatamodeld */; };
		3D1101E5247CF81D003AA9BB /* Assets.xcassets in Resources */ = {isa = PBXBuildFile; fileRef = 3D1101E4247CF81D003AA9BB /* Assets.xcassets */; };
		3D1101E8247CF81D003AA9BB /* LaunchScreen.storyboard in Resources */ = {isa = PBXBuildFile; fileRef = 3D1101E6247CF81D003AA9BB /* LaunchScreen.storyboard */; };
/* End PBXBuildFile section */

/* Begin PBXFileReference section */
		3D1101D3247CF81B003AA9BB /* flickerDemo.app */ = {isa = PBXFileReference; explicitFileType = wrapper.application; includeInIndex = 0; path = flickerDemo.app; sourceTree = BUILT_PRODUCTS_DIR; };
		3D1101D6247CF81B003AA9BB /* AppDelegate.swift */ = {isa = PBXFileReference; lastKnownFileType = sourcecode.swift; path = AppDelegate.swift; sourceTree = "<group>"; };
		3D1101D8247CF81B003AA9BB /* SceneDelegate.swift */ = {isa = PBXFileReference; lastKnownFileType = sourcecode.swift; path = SceneDelegate.swift; sourceTree = "<group>"; };
		3D1101DA247CF81B003AA9BB /* FirstViewController.swift */ = {isa = PBXFileReference; lastKnownFileType = sourcecode.swift; path = FirstViewController.swift; sourceTree = "<group>"; };
		3D1101DC247CF81B003AA9BB /* SecondViewController.swift */ = {isa = PBXFileReference; lastKnownFileType = sourcecode.swift; path = SecondViewController.swift; sourceTree = "<group>"; };
		3D1101DF247CF81B003AA9BB /* Base */ = {isa = PBXFileReference; lastKnownFileType = file.storyboard; name = Base; path = Base.lproj/Main.storyboard; sourceTree = "<group>"; };
		3D1101E2247CF81B003AA9BB /* flickerDemo.xcdatamodel */ = {isa = PBXFileReference; lastKnownFileType = wrapper.xcdatamodel; path = flickerDemo.xcdatamodel; sourceTree = "<group>"; };
		3D1101E4247CF81D003AA9BB /* Assets.xcassets */ = {isa = PBXFileReference; lastKnownFileType = folder.assetcatalog; path = Assets.xcassets; sourceTree = "<group>"; };
		3D1101E7247CF81D003AA9BB /* Base */ = {isa = PBXFileReference; lastKnownFileType = file.storyboard; name = Base; path = Base.lproj/LaunchScreen.storyboard; sourceTree = "<group>"; };
		3D1101E9247CF81E003AA9BB /* Info.plist */ = {isa = PBXFileReference; lastKnownFileType = text.plist.xml; path = Info.plist; sourceTree = "<group>"; };
/* End PBXFileReference section */

/* Begin PBXFrameworksBuildPhase section */
		3D1101D0247CF81B003AA9BB /* Frameworks */ = {
			isa = PBXFrameworksBuildPhase;
			buildActionMask = 2147483647;
			files = (
			);
			runOnlyForDeploymentPostprocessing = 0;
		};
/* End PBXFrameworksBuildPhase section */

/* Begin PBXGroup section */
		3D1101CA247CF81B003AA9BB = {
			isa = PBXGroup;
			children = (
				3D1101D5247CF81B003AA9BB /* flickerDemo */,
				3D1101D4247CF81B003AA9BB /* Products */,
			);
			sourceTree = "<group>";
		};
		3D1101D4247CF81B003AA9BB /* Products */ = {
			isa = PBXGroup;
			children = (
				3D1101D3247CF81B003AA9BB /* flickerDemo.app */,
			);
			name = Products;
			sourceTree = "<group>";
		};
		3D1101D5247CF81B003AA9BB /* flickerDemo */ = {
			isa = PBXGroup;
			children = (
				3D1101D6247CF81B003AA9BB /* AppDelegate.swift */,
				3D1101D8247CF81B003AA9BB /* SceneDelegate.swift */,
				3D1101DA247CF81B003AA9BB /* FirstViewController.swift */,
				3D1101DC247CF81B003AA9BB /* SecondViewController.swift */,
				3D1101DE247CF81B003AA9BB /* Main.storyboard */,
				3D1101E4247CF81D003AA9BB /* Assets.xcassets */,
				3D1101E6247CF81D003AA9BB /* LaunchScreen.storyboard */,
				3D1101E9247CF81E003AA9BB /* Info.plist */,
				3D1101E1247CF81B003AA9BB /* flickerDemo.xcdatamodeld */,
			);
			path = flickerDemo;
			sourceTree = "<group>";
		};
/* End PBXGroup section */

/* Begin PBXNativeTarget section */
		3D1101D2247CF81B003AA9BB /* flickerDemo */ = {
			isa = PBXNativeTarget;
			buildConfigurationList = 3D1101EC247CF81E003AA9BB /* Build configuration list for PBXNativeTarget "flickerDemo" */;
			buildPhases = (
				3D1101CF247CF81B003AA9BB /* Sources */,
				3D1101D0247CF81B003AA9BB /* Frameworks */,
				3D1101D1247CF81B003AA9BB /* Resources */,
			);
			buildRules = (
			);
			dependencies = (
			);
			name = flickerDemo;
			productName = flickerDemo;
			productReference = 3D1101D3247CF81B003AA9BB /* flickerDemo.app */;
			productType = "com.apple.product-type.application";
		};
/* End PBXNativeTarget section */

/* Begin PBXProject section */
		3D1101CB247CF81B003AA9BB /* Project object */ = {
			isa = PBXProject;
			attributes = {
				LastSwiftUpdateCheck = 1150;
				LastUpgradeCheck = 1150;
				ORGANIZATIONNAME = william;
				TargetAttributes = {
					3D1101D2247CF81B003AA9BB = {
						CreatedOnToolsVersion = 11.5;
					};
				};
			};
			buildConfigurationList = 3D1101CE247CF81B003AA9BB /* Build configuration list for PBXProject "flickerDemo" */;
			compatibilityVersion = "Xcode 9.3";
			developmentRegion = en;
			hasScannedForEncodings = 0;
			knownRegions = (
				en,
				Base,
			);
			mainGroup = 3D1101CA247CF81B003AA9BB;
			productRefGroup = 3D1101D4247CF81B003AA9BB /* Products */;
			projectDirPath = "";
			projectRoot = "";
			targets = (
				3D1101D2247CF81B003AA9BB /* flickerDemo */,
			);
		};
/* End PBXProject section */

/* Begin PBXResourcesBuildPhase section */
		3D1101D1247CF81B003AA9BB /* Resources */ = {
			isa = PBXResourcesBuildPhase;
			buildActionMask = 2147483647;
			files = (
				3D1101E8247CF81D003AA9BB /* LaunchScreen.storyboard in Resources */,
				3D1101E5247CF81D003AA9BB /* Assets.xcassets in Resources */,
				3D1101E0247CF81B003AA9BB /* Main.storyboard in Resources */,
			);
			runOnlyForDeploymentPostprocessing = 0;
		};
/* End PBXResourcesBuildPhase section */

/* Begin PBXSourcesBuildPhase section */
		3D1101CF247CF81B003AA9BB /* Sources */ = {
			isa = PBXSourcesBuildPhase;
			buildActionMask = 2147483647;
			files = (
				3D1101E3247CF81B003AA9BB /* flickerDemo.xcdatamodeld in Sources */,
				3D1101DD247CF81B003AA9BB /* SecondViewController.swift in Sources */,
				3D1101DB247CF81B003AA9BB /* FirstViewController.swift in Sources */,
				3D1101D7247CF81B003AA9BB /* AppDelegate.swift in Sources */,
				3D1101D9247CF81B003AA9BB /* SceneDelegate.swift in Sources */,
			);
			runOnlyForDeploymentPostprocessing = 0;
		};
/* End PBXSourcesBuildPhase section */

/* Begin PBXVariantGroup section */
		3D1101DE247CF81B003AA9BB /* Main.storyboard */ = {
			isa = PBXVariantGroup;
			children = (
				3D1101DF247CF81B003AA9BB /* Base */,
			);
			name = Main.storyboard;
			sourceTree = "<group>";
		};
		3D1101E6247CF81D003AA9BB /* LaunchScreen.storyboard */ = {
			isa = PBXVariantGroup;
			children = (
				3D1101E7247CF81D003AA9BB /* Base */,
			);
			name = LaunchScreen.storyboard;
			sourceTree = "<group>";
		};
/* End PBXVariantGroup section */

/* Begin XCBuildConfiguration section */
		3D1101EA247CF81E003AA9BB /* Debug */ = {
			isa = XCBuildConfiguration;
			buildSettings = {
				ALWAYS_SEARCH_USER_PATHS = NO;
				CLANG_ANALYZER_NONNULL = YES;
				CLANG_ANALYZER_NUMBER_OBJECT_CONVERSION = YES_AGGRESSIVE;
				CLANG_CXX_LANGUAGE_STANDARD = "gnu++14";
				CLANG_CXX_LIBRARY = "libc++";
				CLANG_ENABLE_MODULES = YES;
				CLANG_ENABLE_OBJC_ARC = YES;
				CLANG_ENABLE_OBJC_WEAK = YES;
				CLANG_WARN_BLOCK_CAPTURE_AUTORELEASING = YES;
				CLANG_WARN_BOOL_CONVERSION = YES;
				CLANG_WARN_COMMA = YES;
				CLANG_WARN_CONSTANT_CONVERSION = YES;
				CLANG_WARN_DEPRECATED_OBJC_IMPLEMENTATIONS = YES;
				CLANG_WARN_DIRECT_OBJC_ISA_USAGE = YES_ERROR;
				CLANG_WARN_DOCUMENTATION_COMMENTS = YES;
				CLANG_WARN_EMPTY_BODY = YES;
				CLANG_WARN_ENUM_CONVERSION = YES;
				CLANG_WARN_INFINITE_RECURSION = YES;
				CLANG_WARN_INT_CONVERSION = YES;
				CLANG_WARN_NON_LITERAL_NULL_CONVERSION = YES;
				CLANG_WARN_OBJC_IMPLICIT_RETAIN_SELF = YES;
				CLANG_WARN_OBJC_LITERAL_CONVERSION = YES;
				CLANG_WARN_OBJC_ROOT_CLASS = YES_ERROR;
				CLANG_WARN_RANGE_LOOP_ANALYSIS = YES;
				CLANG_WARN_STRICT_PROTOTYPES = YES;
				CLANG_WARN_SUSPICIOUS_MOVE = YES;
				CLANG_WARN_UNGUARDED_AVAILABILITY = YES_AGGRESSIVE;
				CLANG_WARN_UNREACHABLE_CODE = YES;
				CLANG_WARN__DUPLICATE_METHOD_MATCH = YES;
				COPY_PHASE_STRIP = NO;
				DEBUG_INFORMATION_FORMAT = dwarf;
				ENABLE_STRICT_OBJC_MSGSEND = YES;
				ENABLE_TESTABILITY = YES;
				GCC_C_LANGUAGE_STANDARD = gnu11;
				GCC_DYNAMIC_NO_PIC = NO;
				GCC_NO_COMMON_BLOCKS = YES;
				GCC_OPTIMIZATION_LEVEL = 0;
				GCC_PREPROCESSOR_DEFINITIONS = (
					"DEBUG=1",
					"$(inherited)",
				);
				GCC_WARN_64_TO_32_BIT_CONVERSION = YES;
				GCC_WARN_ABOUT_RETURN_TYPE = YES_ERROR;
				GCC_WARN_UNDECLARED_SELECTOR = YES;
				GCC_WARN_UNINITIALIZED_AUTOS = YES_AGGRESSIVE;
				GCC_WARN_UNUSED_FUNCTION = YES;
				GCC_WARN_UNUSED_VARIABLE = YES;
				IPHONEOS_DEPLOYMENT_TARGET = 13.5;
				MTL_ENABLE_DEBUG_INFO = INCLUDE_SOURCE;
				MTL_FAST_MATH = YES;
				ONLY_ACTIVE_ARCH = YES;
				SDKROOT = iphoneos;
				SWIFT_ACTIVE_COMPILATION_CONDITIONS = DEBUG;
				SWIFT_OPTIMIZATION_LEVEL = "-Onone";
			};
			name = Debug;
		};
		3D1101EB247CF81E003AA9BB /* Release */ = {
			isa = XCBuildConfiguration;
			buildSettings = {
				ALWAYS_SEARCH_USER_PATHS = NO;
				CLANG_ANALYZER_NONNULL = YES;
				CLANG_ANALYZER_NUMBER_OBJECT_CONVERSION = YES_AGGRESSIVE;
				CLANG_CXX_LANGUAGE_STANDARD = "gnu++14";
				CLANG_CXX_LIBRARY = "libc++";
				CLANG_ENABLE_MODULES = YES;
				CLANG_ENABLE_OBJC_ARC = YES;
				CLANG_ENABLE_OBJC_WEAK = YES;
				CLANG_WARN_BLOCK_CAPTURE_AUTORELEASING = YES;
				CLANG_WARN_BOOL_CONVERSION = YES;
				CLANG_WARN_COMMA = YES;
				CLANG_WARN_CONSTANT_CONVERSION = YES;
				CLANG_WARN_DEPRECATED_OBJC_IMPLEMENTATIONS = YES;
				CLANG_WARN_DIRECT_OBJC_ISA_USAGE = YES_ERROR;
				CLANG_WARN_DOCUMENTATION_COMMENTS = YES;
				CLANG_WARN_EMPTY_BODY = YES;
				CLANG_WARN_ENUM_CONVERSION = YES;
				CLANG_WARN_INFINITE_RECURSION = YES;
				CLANG_WARN_INT_CONVERSION = YES;
				CLANG_WARN_NON_LITERAL_NULL_CONVERSION = YES;
				CLANG_WARN_OBJC_IMPLICIT_RETAIN_SELF = YES;
				CLANG_WARN_OBJC_LITERAL_CONVERSION = YES;
				CLANG_WARN_OBJC_ROOT_CLASS = YES_ERROR;
				CLANG_WARN_RANGE_LOOP_ANALYSIS = YES;
				CLANG_WARN_STRICT_PROTOTYPES = YES;
				CLANG_WARN_SUSPICIOUS_MOVE = YES;
				CLANG_WARN_UNGUARDED_AVAILABILITY = YES_AGGRESSIVE;
				CLANG_WARN_UNREACHABLE_CODE = YES;
				CLANG_WARN__DUPLICATE_METHOD_MATCH = YES;
				COPY_PHASE_STRIP = NO;
				DEBUG_INFORMATION_FORMAT = "dwarf-with-dsym";
				ENABLE_NS_ASSERTIONS = NO;
				ENABLE_STRICT_OBJC_MSGSEND = YES;
				GCC_C_LANGUAGE_STANDARD = gnu11;
				GCC_NO_COMMON_BLOCKS = YES;
				GCC_WARN_64_TO_32_BIT_CONVERSION = YES;
				GCC_WARN_ABOUT_RETURN_TYPE = YES_ERROR;
				GCC_WARN_UNDECLARED_SELECTOR = YES;
				GCC_WARN_UNINITIALIZED_AUTOS = YES_AGGRESSIVE;
				GCC_WARN_UNUSED_FUNCTION = YES;
				GCC_WARN_UNUSED_VARIABLE = YES;
				IPHONEOS_DEPLOYMENT_TARGET = 13.5;
				MTL_ENABLE_DEBUG_INFO = NO;
				MTL_FAST_MATH = YES;
				SDKROOT = iphoneos;
				SWIFT_COMPILATION_MODE = wholemodule;
				SWIFT_OPTIMIZATION_LEVEL = "-O";
				VALIDATE_PRODUCT = YES;
			};
			name = Release;
		};
		3D1101ED247CF81E003AA9BB /* Debug */ = {
			isa = XCBuildConfiguration;
			buildSettings = {
				ASSETCATALOG_COMPILER_APPICON_NAME = AppIcon;
				CODE_SIGN_STYLE = Automatic;
				DEVELOPMENT_TEAM = G66UXEL2H5;
				INFOPLIST_FILE = flickerDemo/Info.plist;
				LD_RUNPATH_SEARCH_PATHS = (
					"$(inherited)",
					"@executable_path/Frameworks",
				);
				PRODUCT_BUNDLE_IDENTIFIER = William.flickerDemo;
				PRODUCT_NAME = "$(TARGET_NAME)";
				SWIFT_VERSION = 5.0;
				TARGETED_DEVICE_FAMILY = "1,2";
			};
			name = Debug;
		};
		3D1101EE247CF81E003AA9BB /* Release */ = {
			isa = XCBuildConfiguration;
			buildSettings = {
				ASSETCATALOG_COMPILER_APPICON_NAME = AppIcon;
				CODE_SIGN_STYLE = Automatic;
				DEVELOPMENT_TEAM = G66UXEL2H5;
				INFOPLIST_FILE = flickerDemo/Info.plist;
				LD_RUNPATH_SEARCH_PATHS = (
					"$(inherited)",
					"@executable_path/Frameworks",
				);
				PRODUCT_BUNDLE_IDENTIFIER = William.flickerDemo;
				PRODUCT_NAME = "$(TARGET_NAME)";
				SWIFT_VERSION = 5.0;
				TARGETED_DEVICE_FAMILY = "1,2";
			};
			name = Release;
		};
/* End XCBuildConfiguration section */

/* Begin XCConfigurationList section */
		3D1101CE247CF81B003AA9BB /* Build configuration list for PBXProject "flickerDemo" */ = {
			isa = XCConfigurationList;
			buildConfigurations = (
				3D1101EA247CF81E003AA9BB /* Debug */,
				3D1101EB247CF81E003AA9BB /* Release */,
			);
			defaultConfigurationIsVisible = 0;
			defaultConfigurationName = Release;
		};
		3D1101EC247CF81E003AA9BB /* Build configuration list for PBXNativeTarget "flickerDemo" */ = {
			isa = XCConfigurationList;
			buildConfigurations = (
				3D1101ED247CF81E003AA9BB /* Debug */,
				3D1101EE247CF81E003AA9BB /* Release */,
			);
			defaultConfigurationIsVisible = 0;
			defaultConfigurationName = Release;
		};
/* End XCConfigurationList section */

/* Begin XCVersionGroup section */
		3D1101E1247CF81B003AA9BB /* flickerDemo.xcdatamodeld */ = {
			isa = XCVersionGroup;
			children = (
				3D1101E2247CF81B003AA9BB /* flickerDemo.xcdatamodel */,
			);
			currentVersion = 3D1101E2247CF81B003AA9BB /* flickerDemo.xcdatamodel */;
			path = flickerDemo.xcdatamodeld;
			sourceTree = "<group>";
			versionGroupType = wrapper.xcdatamodel;
		};
/* End XCVersionGroup section */
	};
	rootObject = 3D1101CB247CF81B003AA9BB /* Project object */;
}
